
Microsoft Visual Studio Solution File, Format Version 12.00
# Visual Studio Version 17
VisualStudioVersion = 17.1.32104.313
MinimumVisualStudioVersion = 10.0.40219.1
Project("{9A19103F-16F7-4668-BE54-9A1E7A4F7556}") = "ppedv.Autovermietung.Model", "ppedv.Autovermietung.Model\ppedv.Autovermietung.Model.csproj", "{1DEDF7A4-2071-4650-8475-354A35967479}"
EndProject
Project("{9A19103F-16F7-4668-BE54-9A1E7A4F7556}") = "ppedv.Autovermietung.Data.EFCore", "ppedv.Autovermietung.Data.EFCore\ppedv.Autovermietung.Data.EFCore.csproj", "{AECE1C51-9278-432A-A793-058359C238D4}"
EndProject
Project("{9A19103F-16F7-4668-BE54-9A1E7A4F7556}") = "ppedv.Autovermietung.Data.EFCore.Tests", "ppedv.Autovermietung.Data.EFCore.Tests\ppedv.Autovermietung.Data.EFCore.Tests.csproj", "{955452FA-70E8-49CB-A053-B1C1A301D54C}"
EndProject
Project("{9A19103F-16F7-4668-BE54-9A1E7A4F7556}") = "ppedv.Autovermietung.Logic", "ppedv.Autovermietung.Logic\ppedv.Autovermietung.Logic.csproj", "{07CAB605-AF2A-40BC-AB6D-2FDF86520789}"
EndProject
Project("{FAE04EC0-301F-11D3-BF4B-00C04F79EFBC}") = "ppedv.Autovermietung.UI.DevConsole", "ppedv.Autovermietung.UI.DevConsole\ppedv.Autovermietung.UI.DevConsole.csproj", "{59A7F15C-C148-4FF8-873A-F8B19C8277B4}"
EndProject
Global
	GlobalSection(SolutionConfigurationPlatforms) = preSolution
		Debug|Any CPU = Debug|Any CPU
		Release|Any CPU = Release|Any CPU
	EndGlobalSection
	GlobalSection(ProjectConfigurationPlatforms) = postSolution
		{1DEDF7A4-2071-4650-8475-354A35967479}.Debug|Any CPU.ActiveCfg = Debug|Any CPU
		{1DEDF7A4-2071-4650-8475-354A35967479}.Debug|Any CPU.Build.0 = Debug|Any CPU
		{1DEDF7A4-2071-4650-8475-354A35967479}.Release|Any CPU.ActiveCfg = Release|Any CPU
		{1DEDF7A4-2071-4650-8475-354A35967479}.Release|Any CPU.Build.0 = Release|Any CPU
		{AECE1C51-9278-432A-A793-058359C238D4}.Debug|Any CPU.ActiveCfg = Debug|Any CPU
		{AECE1C51-9278-432A-A793-058359C238D4}.Debug|Any CPU.Build.0 = Debug|Any CPU
		{AECE1C51-9278-432A-A793-058359C238D4}.Release|Any CPU.ActiveCfg = Release|Any CPU
		{AECE1C51-9278-432A-A793-058359C238D4}.Release|Any CPU.Build.0 = Release|Any CPU
		{955452FA-70E8-49CB-A053-B1C1A301D54C}.Debug|Any CPU.ActiveCfg = Debug|Any CPU
		{955452FA-70E8-49CB-A053-B1C1A301D54C}.Debug|Any CPU.Build.0 = Debug|Any CPU
		{955452FA-70E8-49CB-A053-B1C1A301D54C}.Release|Any CPU.ActiveCfg = Release|Any CPU
		{955452FA-70E8-49CB-A053-B1C1A301D54C}.Release|Any CPU.Build.0 = Release|Any CPU
		{07CAB605-AF2A-40BC-AB6D-2FDF86520789}.Debug|Any CPU.ActiveCfg = Debug|Any CPU
		{07CAB605-AF2A-40BC-AB6D-2FDF86520789}.Debug|Any CPU.Build.0 = Debug|Any CPU
		{07CAB605-AF2A-40BC-AB6D-2FDF86520789}.Release|Any CPU.ActiveCfg = Release|Any CPU
		{07CAB605-AF2A-40BC-AB6D-2FDF86520789}.Release|Any CPU.Build.0 = Release|Any CPU
		{59A7F15C-C148-4FF8-873A-F8B19C8277B4}.Debug|Any CPU.ActiveCfg = Debug|Any CPU
		{59A7F15C-C148-4FF8-873A-F8B19C8277B4}.Debug|Any CPU.Build.0 = Debug|Any CPU
		{59A7F15C-C148-4FF8-873A-F8B19C8277B4}.Release|Any CPU.ActiveCfg = Release|Any CPU
		{59A7F15C-C148-4FF8-873A-F8B19C8277B4}.Release|Any CPU.Build.0 = Release|Any CPU
	EndGlobalSection
	GlobalSection(SolutionProperties) = preSolution
		HideSolutionNode = FALSE
	EndGlobalSection
	GlobalSection(ExtensibilityGlobals) = postSolution
		SolutionGuid = {C97B899C-D6CF-46B0-B4EB-E01847195D5D}
	EndGlobalSection
EndGlobal
